// !$*UTF8*$!
{
	archiveVersion = 1;
	classes = {
	};
	objectVersion = 55;
	objects = {

/* Begin PBXBuildFile section */
		59365B3CAA6788BF7BD36BC4 /* Pods_Instagram.framework in Frameworks */ = {isa = PBXBuildFile; fileRef = 0487F7511921DD0CB70830F0 /* Pods_Instagram.framework */; };
		B36980EA28EBEA1A0063AAE6 /* AppDelegate.swift in Sources */ = {isa = PBXBuildFile; fileRef = B36980E928EBEA1A0063AAE6 /* AppDelegate.swift */; };
		B36980EC28EBEA1A0063AAE6 /* SceneDelegate.swift in Sources */ = {isa = PBXBuildFile; fileRef = B36980EB28EBEA1A0063AAE6 /* SceneDelegate.swift */; };
		B36980F128EBEA1A0063AAE6 /* Main.storyboard in Resources */ = {isa = PBXBuildFile; fileRef = B36980EF28EBEA1A0063AAE6 /* Main.storyboard */; };
		B36980F328EBEA1A0063AAE6 /* Assets.xcassets in Resources */ = {isa = PBXBuildFile; fileRef = B36980F228EBEA1A0063AAE6 /* Assets.xcassets */; };
		B36980F628EBEA1A0063AAE6 /* LaunchScreen.storyboard in Resources */ = {isa = PBXBuildFile; fileRef = B36980F428EBEA1A0063AAE6 /* LaunchScreen.storyboard */; };
		B369810028EBED2C0063AAE6 /* LoginViewController.swift in Sources */ = {isa = PBXBuildFile; fileRef = B36980FF28EBED2C0063AAE6 /* LoginViewController.swift */; };
		B369810228EBED7B0063AAE6 /* HomeViewController.swift in Sources */ = {isa = PBXBuildFile; fileRef = B369810128EBED7B0063AAE6 /* HomeViewController.swift */; };
		B369810428EBED950063AAE6 /* ImageSelectViewController.swift in Sources */ = {isa = PBXBuildFile; fileRef = B369810328EBED950063AAE6 /* ImageSelectViewController.swift */; };
		B369810628EBEDA20063AAE6 /* PostViewController.swift in Sources */ = {isa = PBXBuildFile; fileRef = B369810528EBEDA20063AAE6 /* PostViewController.swift */; };
		B369810828EBEDBB0063AAE6 /* SettingViewController.swift in Sources */ = {isa = PBXBuildFile; fileRef = B369810728EBEDBB0063AAE6 /* SettingViewController.swift */; };
		B369810A28EBFC300063AAE6 /* TabBarController.swift in Sources */ = {isa = PBXBuildFile; fileRef = B369810928EBFC300063AAE6 /* TabBarController.swift */; };
		B369810C28EC0C1B0063AAE6 /* GoogleService-Info.plist in Resources */ = {isa = PBXBuildFile; fileRef = B369810B28EC0C1B0063AAE6 /* GoogleService-Info.plist */; };
		B3E7067C28FE7E09002B00BD /* Base.lproj in Resources */ = {isa = PBXBuildFile; fileRef = B3E7067B28FE7E09002B00BD /* Base.lproj */; };
		B3E7067E28FFB815002B00BD /* Const.swift in Sources */ = {isa = PBXBuildFile; fileRef = B3E7067D28FFB815002B00BD /* Const.swift */; };
		B3E7068028FFC58A002B00BD /* PostData.swift in Sources */ = {isa = PBXBuildFile; fileRef = B3E7067F28FFC58A002B00BD /* PostData.swift */; };
		B3E7068328FFC602002B00BD /* PostTableViewCell.swift in Sources */ = {isa = PBXBuildFile; fileRef = B3E7068128FFC602002B00BD /* PostTableViewCell.swift */; };
		B3E7068428FFC602002B00BD /* PostTableViewCell.xib in Resources */ = {isa = PBXBuildFile; fileRef = B3E7068228FFC602002B00BD /* PostTableViewCell.xib */; };
		B3E706862907A346002B00BD /* CommentViewController.swift in Sources */ = {isa = PBXBuildFile; fileRef = B3E706852907A346002B00BD /* CommentViewController.swift */; };
/* End PBXBuildFile section */

/* Begin PBXFileReference section */
		0487F7511921DD0CB70830F0 /* Pods_Instagram.framework */ = {isa = PBXFileReference; explicitFileType = wrapper.framework; includeInIndex = 0; path = Pods_Instagram.framework; sourceTree = BUILT_PRODUCTS_DIR; };
		77741BCBA024713C1ED81442 /* Pods-Instagram.release.xcconfig */ = {isa = PBXFileReference; includeInIndex = 1; lastKnownFileType = text.xcconfig; name = "Pods-Instagram.release.xcconfig"; path = "Target Support Files/Pods-Instagram/Pods-Instagram.release.xcconfig"; sourceTree = "<group>"; };
		9504CECEE4528D6B77CCF28A /* Pods-Instagram.debug.xcconfig */ = {isa = PBXFileReference; includeInIndex = 1; lastKnownFileType = text.xcconfig; name = "Pods-Instagram.debug.xcconfig"; path = "Target Support Files/Pods-Instagram/Pods-Instagram.debug.xcconfig"; sourceTree = "<group>"; };
		B36980E628EBEA1A0063AAE6 /* Instagram.app */ = {isa = PBXFileReference; explicitFileType = wrapper.application; includeInIndex = 0; path = Instagram.app; sourceTree = BUILT_PRODUCTS_DIR; };
		B36980E928EBEA1A0063AAE6 /* AppDelegate.swift */ = {isa = PBXFileReference; lastKnownFileType = sourcecode.swift; path = AppDelegate.swift; sourceTree = "<group>"; };
		B36980EB28EBEA1A0063AAE6 /* SceneDelegate.swift */ = {isa = PBXFileReference; lastKnownFileType = sourcecode.swift; path = SceneDelegate.swift; sourceTree = "<group>"; };
		B36980F028EBEA1A0063AAE6 /* Base */ = {isa = PBXFileReference; lastKnownFileType = file.storyboard; name = Base; path = Base.lproj/Main.storyboard; sourceTree = "<group>"; };
		B36980F228EBEA1A0063AAE6 /* Assets.xcassets */ = {isa = PBXFileReference; lastKnownFileType = folder.assetcatalog; path = Assets.xcassets; sourceTree = "<group>"; };
		B36980F528EBEA1A0063AAE6 /* Base */ = {isa = PBXFileReference; lastKnownFileType = file.storyboard; name = Base; path = Base.lproj/LaunchScreen.storyboard; sourceTree = "<group>"; };
		B36980F728EBEA1A0063AAE6 /* Info.plist */ = {isa = PBXFileReference; lastKnownFileType = text.plist.xml; path = Info.plist; sourceTree = "<group>"; };
		B36980FF28EBED2C0063AAE6 /* LoginViewController.swift */ = {isa = PBXFileReference; lastKnownFileType = sourcecode.swift; path = LoginViewController.swift; sourceTree = "<group>"; };
		B369810128EBED7B0063AAE6 /* HomeViewController.swift */ = {isa = PBXFileReference; lastKnownFileType = sourcecode.swift; path = HomeViewController.swift; sourceTree = "<group>"; };
		B369810328EBED950063AAE6 /* ImageSelectViewController.swift */ = {isa = PBXFileReference; lastKnownFileType = sourcecode.swift; path = ImageSelectViewController.swift; sourceTree = "<group>"; };
		B369810528EBEDA20063AAE6 /* PostViewController.swift */ = {isa = PBXFileReference; lastKnownFileType = sourcecode.swift; path = PostViewController.swift; sourceTree = "<group>"; };
		B369810728EBEDBB0063AAE6 /* SettingViewController.swift */ = {isa = PBXFileReference; lastKnownFileType = sourcecode.swift; path = SettingViewController.swift; sourceTree = "<group>"; };
		B369810928EBFC300063AAE6 /* TabBarController.swift */ = {isa = PBXFileReference; lastKnownFileType = sourcecode.swift; path = TabBarController.swift; sourceTree = "<group>"; };
		B369810B28EC0C1B0063AAE6 /* GoogleService-Info.plist */ = {isa = PBXFileReference; fileEncoding = 4; lastKnownFileType = text.plist.xml; path = "GoogleService-Info.plist"; sourceTree = "<group>"; };
		B3E7067B28FE7E09002B00BD /* Base.lproj */ = {isa = PBXFileReference; lastKnownFileType = folder; path = Base.lproj; sourceTree = "<group>"; };
		B3E7067D28FFB815002B00BD /* Const.swift */ = {isa = PBXFileReference; lastKnownFileType = sourcecode.swift; path = Const.swift; sourceTree = "<group>"; };
		B3E7067F28FFC58A002B00BD /* PostData.swift */ = {isa = PBXFileReference; lastKnownFileType = sourcecode.swift; path = PostData.swift; sourceTree = "<group>"; };
		B3E7068128FFC602002B00BD /* PostTableViewCell.swift */ = {isa = PBXFileReference; lastKnownFileType = sourcecode.swift; path = PostTableViewCell.swift; sourceTree = "<group>"; };
		B3E7068228FFC602002B00BD /* PostTableViewCell.xib */ = {isa = PBXFileReference; lastKnownFileType = file.xib; path = PostTableViewCell.xib; sourceTree = "<group>"; };
		B3E706852907A346002B00BD /* CommentViewController.swift */ = {isa = PBXFileReference; lastKnownFileType = sourcecode.swift; path = CommentViewController.swift; sourceTree = "<group>"; };
/* End PBXFileReference section */

/* Begin PBXFrameworksBuildPhase section */
		B36980E328EBEA1A0063AAE6 /* Frameworks */ = {
			isa = PBXFrameworksBuildPhase;
			buildActionMask = 2147483647;
			files = (
				59365B3CAA6788BF7BD36BC4 /* Pods_Instagram.framework in Frameworks */,
			);
			runOnlyForDeploymentPostprocessing = 0;
		};
/* End PBXFrameworksBuildPhase section */

/* Begin PBXGroup section */
		0C950B39B33F1494C0665E03 /* Frameworks */ = {
			isa = PBXGroup;
			children = (
				0487F7511921DD0CB70830F0 /* Pods_Instagram.framework */,
			);
			name = Frameworks;
			sourceTree = "<group>";
		};
		B36980DD28EBEA1A0063AAE6 = {
			isa = PBXGroup;
			children = (
				B36980E828EBEA1A0063AAE6 /* Instagram */,
				B36980E728EBEA1A0063AAE6 /* Products */,
				D7291BE0116244BA8A34821D /* Pods */,
				0C950B39B33F1494C0665E03 /* Frameworks */,
			);
			sourceTree = "<group>";
		};
		B36980E728EBEA1A0063AAE6 /* Products */ = {
			isa = PBXGroup;
			children = (
				B36980E628EBEA1A0063AAE6 /* Instagram.app */,
			);
			name = Products;
			sourceTree = "<group>";
		};
		B36980E828EBEA1A0063AAE6 /* Instagram */ = {
			isa = PBXGroup;
			children = (
				B36980E928EBEA1A0063AAE6 /* AppDelegate.swift */,
				B36980EB28EBEA1A0063AAE6 /* SceneDelegate.swift */,
				B36980FF28EBED2C0063AAE6 /* LoginViewController.swift */,
				B369810328EBED950063AAE6 /* ImageSelectViewController.swift */,
				B369810128EBED7B0063AAE6 /* HomeViewController.swift */,
				B369810528EBEDA20063AAE6 /* PostViewController.swift */,
				B369810728EBEDBB0063AAE6 /* SettingViewController.swift */,
				B3E7067D28FFB815002B00BD /* Const.swift */,
				B3E706852907A346002B00BD /* CommentViewController.swift */,
				B3E7068128FFC602002B00BD /* PostTableViewCell.swift */,
				B3E7068228FFC602002B00BD /* PostTableViewCell.xib */,
				B3E7067F28FFC58A002B00BD /* PostData.swift */,
				B369810928EBFC300063AAE6 /* TabBarController.swift */,
				B36980EF28EBEA1A0063AAE6 /* Main.storyboard */,
				B3E7067B28FE7E09002B00BD /* Base.lproj */,
				B36980F228EBEA1A0063AAE6 /* Assets.xcassets */,
				B36980F428EBEA1A0063AAE6 /* LaunchScreen.storyboard */,
				B369810B28EC0C1B0063AAE6 /* GoogleService-Info.plist */,
				B36980F728EBEA1A0063AAE6 /* Info.plist */,
			);
			path = Instagram;
			sourceTree = "<group>";
		};
		D7291BE0116244BA8A34821D /* Pods */ = {
			isa = PBXGroup;
			children = (
				9504CECEE4528D6B77CCF28A /* Pods-Instagram.debug.xcconfig */,
				77741BCBA024713C1ED81442 /* Pods-Instagram.release.xcconfig */,
			);
			path = Pods;
			sourceTree = "<group>";
		};
/* End PBXGroup section */

/* Begin PBXNativeTarget section */
		B36980E528EBEA1A0063AAE6 /* Instagram */ = {
			isa = PBXNativeTarget;
			buildConfigurationList = B36980FA28EBEA1A0063AAE6 /* Build configuration list for PBXNativeTarget "Instagram" */;
			buildPhases = (
				53B193DB2B7A225F0BC88C0F /* [CP] Check Pods Manifest.lock */,
				B36980E228EBEA1A0063AAE6 /* Sources */,
				B36980E328EBEA1A0063AAE6 /* Frameworks */,
				B36980E428EBEA1A0063AAE6 /* Resources */,
				F66835C4FCB72DC12299726C /* [CP] Embed Pods Frameworks */,
			);
			buildRules = (
			);
			dependencies = (
			);
			name = Instagram;
			productName = Instagram;
			productReference = B36980E628EBEA1A0063AAE6 /* Instagram.app */;
			productType = "com.apple.product-type.application";
		};
/* End PBXNativeTarget section */

/* Begin PBXProject section */
		B36980DE28EBEA1A0063AAE6 /* Project object */ = {
			isa = PBXProject;
			attributes = {
				BuildIndependentTargetsInParallel = 1;
				LastSwiftUpdateCheck = 1310;
				LastUpgradeCheck = 1310;
				TargetAttributes = {
					B36980E528EBEA1A0063AAE6 = {
						CreatedOnToolsVersion = 13.1;
					};
				};
			};
			buildConfigurationList = B36980E128EBEA1A0063AAE6 /* Build configuration list for PBXProject "Instagram" */;
			compatibilityVersion = "Xcode 13.0";
			developmentRegion = en;
			hasScannedForEncodings = 0;
			knownRegions = (
				en,
				Base,
			);
			mainGroup = B36980DD28EBEA1A0063AAE6;
			productRefGroup = B36980E728EBEA1A0063AAE6 /* Products */;
			projectDirPath = "";
			projectRoot = "";
			targets = (
				B36980E528EBEA1A0063AAE6 /* Instagram */,
			);
		};
/* End PBXProject section */

/* Begin PBXResourcesBuildPhase section */
		B36980E428EBEA1A0063AAE6 /* Resources */ = {
			isa = PBXResourcesBuildPhase;
			buildActionMask = 2147483647;
			files = (
				B36980F628EBEA1A0063AAE6 /* LaunchScreen.storyboard in Resources */,
				B369810C28EC0C1B0063AAE6 /* GoogleService-Info.plist in Resources */,
				B3E7067C28FE7E09002B00BD /* Base.lproj in Resources */,
				B3E7068428FFC602002B00BD /* PostTableViewCell.xib in Resources */,
				B36980F328EBEA1A0063AAE6 /* Assets.xcassets in Resources */,
				B36980F128EBEA1A0063AAE6 /* Main.storyboard in Resources */,
			);
			runOnlyForDeploymentPostprocessing = 0;
		};
/* End PBXResourcesBuildPhase section */

/* Begin PBXShellScriptBuildPhase section */
		53B193DB2B7A225F0BC88C0F /* [CP] Check Pods Manifest.lock */ = {
			isa = PBXShellScriptBuildPhase;
			buildActionMask = 2147483647;
			files = (
			);
			inputFileListPaths = (
			);
			inputPaths = (
				"${PODS_PODFILE_DIR_PATH}/Podfile.lock",
				"${PODS_ROOT}/Manifest.lock",
			);
			name = "[CP] Check Pods Manifest.lock";
			outputFileListPaths = (
			);
			outputPaths = (
				"$(DERIVED_FILE_DIR)/Pods-Instagram-checkManifestLockResult.txt",
			);
			runOnlyForDeploymentPostprocessing = 0;
			shellPath = /bin/sh;
			shellScript = "diff \"${PODS_PODFILE_DIR_PATH}/Podfile.lock\" \"${PODS_ROOT}/Manifest.lock\" > /dev/null\nif [ $? != 0 ] ; then\n    # print error to STDERR\n    echo \"error: The sandbox is not in sync with the Podfile.lock. Run 'pod install' or update your CocoaPods installation.\" >&2\n    exit 1\nfi\n# This output is used by Xcode 'outputs' to avoid re-running this script phase.\necho \"SUCCESS\" > \"${SCRIPT_OUTPUT_FILE_0}\"\n";
			showEnvVarsInLog = 0;
		};
		F66835C4FCB72DC12299726C /* [CP] Embed Pods Frameworks */ = {
			isa = PBXShellScriptBuildPhase;
			buildActionMask = 2147483647;
			files = (
			);
			inputFileListPaths = (
				"${PODS_ROOT}/Target Support Files/Pods-Instagram/Pods-Instagram-frameworks-${CONFIGURATION}-input-files.xcfilelist",
			);
			name = "[CP] Embed Pods Frameworks";
			outputFileListPaths = (
				"${PODS_ROOT}/Target Support Files/Pods-Instagram/Pods-Instagram-frameworks-${CONFIGURATION}-output-files.xcfilelist",
			);
			runOnlyForDeploymentPostprocessing = 0;
			shellPath = /bin/sh;
			shellScript = "\"${PODS_ROOT}/Target Support Files/Pods-Instagram/Pods-Instagram-frameworks.sh\"\n";
			showEnvVarsInLog = 0;
		};
/* End PBXShellScriptBuildPhase section */

/* Begin PBXSourcesBuildPhase section */
		B36980E228EBEA1A0063AAE6 /* Sources */ = {
			isa = PBXSourcesBuildPhase;
			buildActionMask = 2147483647;
			files = (
				B3E7068328FFC602002B00BD /* PostTableViewCell.swift in Sources */,
				B369810428EBED950063AAE6 /* ImageSelectViewController.swift in Sources */,
				B369810A28EBFC300063AAE6 /* TabBarController.swift in Sources */,
				B369810228EBED7B0063AAE6 /* HomeViewController.swift in Sources */,
				B369810628EBEDA20063AAE6 /* PostViewController.swift in Sources */,
				B369810828EBEDBB0063AAE6 /* SettingViewController.swift in Sources */,
				B3E7068028FFC58A002B00BD /* PostData.swift in Sources */,
				B369810028EBED2C0063AAE6 /* LoginViewController.swift in Sources */,
				B3E706862907A346002B00BD /* CommentViewController.swift in Sources */,
				B36980EA28EBEA1A0063AAE6 /* AppDelegate.swift in Sources */,
				B36980EC28EBEA1A0063AAE6 /* SceneDelegate.swift in Sources */,
				B3E7067E28FFB815002B00BD /* Const.swift in Sources */,
			);
			runOnlyForDeploymentPostprocessing = 0;
		};
/* End PBXSourcesBuildPhase section */

/* Begin PBXVariantGroup section */
		B36980EF28EBEA1A0063AAE6 /* Main.storyboard */ = {
			isa = PBXVariantGroup;
			children = (
				B36980F028EBEA1A0063AAE6 /* Base */,
			);
			name = Main.storyboard;
			sourceTree = "<group>";
		};
		B36980F428EBEA1A0063AAE6 /* LaunchScreen.storyboard */ = {
			isa = PBXVariantGroup;
			children = (
				B36980F528EBEA1A0063AAE6 /* Base */,
			);
			name = LaunchScreen.storyboard;
			sourceTree = "<group>";
		};
/* End PBXVariantGroup section */

/* Begin XCBuildConfiguration section */
		B36980F828EBEA1A0063AAE6 /* Debug */ = {
			isa = XCBuildConfiguration;
			buildSettings = {
				ALWAYS_SEARCH_USER_PATHS = NO;
				CLANG_ANALYZER_NONNULL = YES;
				CLANG_ANALYZER_NUMBER_OBJECT_CONVERSION = YES_AGGRESSIVE;
				CLANG_CXX_LANGUAGE_STANDARD = "gnu++17";
				CLANG_CXX_LIBRARY = "libc++";
				CLANG_ENABLE_MODULES = YES;
				CLANG_ENABLE_OBJC_ARC = YES;
				CLANG_ENABLE_OBJC_WEAK = YES;
				CLANG_WARN_BLOCK_CAPTURE_AUTORELEASING = YES;
				CLANG_WARN_BOOL_CONVERSION = YES;
				CLANG_WARN_COMMA = YES;
				CLANG_WARN_CONSTANT_CONVERSION = YES;
				CLANG_WARN_DEPRECATED_OBJC_IMPLEMENTATIONS = YES;
				CLANG_WARN_DIRECT_OBJC_ISA_USAGE = YES_ERROR;
				CLANG_WARN_DOCUMENTATION_COMMENTS = YES;
				CLANG_WARN_EMPTY_BODY = YES;
				CLANG_WARN_ENUM_CONVERSION = YES;
				CLANG_WARN_INFINITE_RECURSION = YES;
				CLANG_WARN_INT_CONVERSION = YES;
				CLANG_WARN_NON_LITERAL_NULL_CONVERSION = YES;
				CLANG_WARN_OBJC_IMPLICIT_RETAIN_SELF = YES;
				CLANG_WARN_OBJC_LITERAL_CONVERSION = YES;
				CLANG_WARN_OBJC_ROOT_CLASS = YES_ERROR;
				CLANG_WARN_QUOTED_INCLUDE_IN_FRAMEWORK_HEADER = YES;
				CLANG_WARN_RANGE_LOOP_ANALYSIS = YES;
				CLANG_WARN_STRICT_PROTOTYPES = YES;
				CLANG_WARN_SUSPICIOUS_MOVE = YES;
				CLANG_WARN_UNGUARDED_AVAILABILITY = YES_AGGRESSIVE;
				CLANG_WARN_UNREACHABLE_CODE = YES;
				CLANG_WARN__DUPLICATE_METHOD_MATCH = YES;
				COPY_PHASE_STRIP = NO;
				DEBUG_INFORMATION_FORMAT = dwarf;
				ENABLE_STRICT_OBJC_MSGSEND = YES;
				ENABLE_TESTABILITY = YES;
				GCC_C_LANGUAGE_STANDARD = gnu11;
				GCC_DYNAMIC_NO_PIC = NO;
				GCC_NO_COMMON_BLOCKS = YES;
				GCC_OPTIMIZATION_LEVEL = 0;
				GCC_PREPROCESSOR_DEFINITIONS = (
					"DEBUG=1",
					"$(inherited)",
				);
				GCC_WARN_64_TO_32_BIT_CONVERSION = YES;
				GCC_WARN_ABOUT_RETURN_TYPE = YES_ERROR;
				GCC_WARN_UNDECLARED_SELECTOR = YES;
				GCC_WARN_UNINITIALIZED_AUTOS = YES_AGGRESSIVE;
				GCC_WARN_UNUSED_FUNCTION = YES;
				GCC_WARN_UNUSED_VARIABLE = YES;
				IPHONEOS_DEPLOYMENT_TARGET = 15.0;
				MTL_ENABLE_DEBUG_INFO = INCLUDE_SOURCE;
				MTL_FAST_MATH = YES;
				ONLY_ACTIVE_ARCH = YES;
				SDKROOT = iphoneos;
				SWIFT_ACTIVE_COMPILATION_CONDITIONS = DEBUG;
				SWIFT_OPTIMIZATION_LEVEL = "-Onone";
			};
			name = Debug;
		};
		B36980F928EBEA1A0063AAE6 /* Release */ = {
			isa = XCBuildConfiguration;
			buildSettings = {
				ALWAYS_SEARCH_USER_PATHS = NO;
				CLANG_ANALYZER_NONNULL = YES;
				CLANG_ANALYZER_NUMBER_OBJECT_CONVERSION = YES_AGGRESSIVE;
				CLANG_CXX_LANGUAGE_STANDARD = "gnu++17";
				CLANG_CXX_LIBRARY = "libc++";
				CLANG_ENABLE_MODULES = YES;
				CLANG_ENABLE_OBJC_ARC = YES;
				CLANG_ENABLE_OBJC_WEAK = YES;
				CLANG_WARN_BLOCK_CAPTURE_AUTORELEASING = YES;
				CLANG_WARN_BOOL_CONVERSION = YES;
				CLANG_WARN_COMMA = YES;
				CLANG_WARN_CONSTANT_CONVERSION = YES;
				CLANG_WARN_DEPRECATED_OBJC_IMPLEMENTATIONS = YES;
				CLANG_WARN_DIRECT_OBJC_ISA_USAGE = YES_ERROR;
				CLANG_WARN_DOCUMENTATION_COMMENTS = YES;
				CLANG_WARN_EMPTY_BODY = YES;
				CLANG_WARN_ENUM_CONVERSION = YES;
				CLANG_WARN_INFINITE_RECURSION = YES;
				CLANG_WARN_INT_CONVERSION = YES;
				CLANG_WARN_NON_LITERAL_NULL_CONVERSION = YES;
				CLANG_WARN_OBJC_IMPLICIT_RETAIN_SELF = YES;
				CLANG_WARN_OBJC_LITERAL_CONVERSION = YES;
				CLANG_WARN_OBJC_ROOT_CLASS = YES_ERROR;
				CLANG_WARN_QUOTED_INCLUDE_IN_FRAMEWORK_HEADER = YES;
				CLANG_WARN_RANGE_LOOP_ANALYSIS = YES;
				CLANG_WARN_STRICT_PROTOTYPES = YES;
				CLANG_WARN_SUSPICIOUS_MOVE = YES;
				CLANG_WARN_UNGUARDED_AVAILABILITY = YES_AGGRESSIVE;
				CLANG_WARN_UNREACHABLE_CODE = YES;
				CLANG_WARN__DUPLICATE_METHOD_MATCH = YES;
				COPY_PHASE_STRIP = NO;
				DEBUG_INFORMATION_FORMAT = "dwarf-with-dsym";
				ENABLE_NS_ASSERTIONS = NO;
				ENABLE_STRICT_OBJC_MSGSEND = YES;
				GCC_C_LANGUAGE_STANDARD = gnu11;
				GCC_NO_COMMON_BLOCKS = YES;
				GCC_WARN_64_TO_32_BIT_CONVERSION = YES;
				GCC_WARN_ABOUT_RETURN_TYPE = YES_ERROR;
				GCC_WARN_UNDECLARED_SELECTOR = YES;
				GCC_WARN_UNINITIALIZED_AUTOS = YES_AGGRESSIVE;
				GCC_WARN_UNUSED_FUNCTION = YES;
				GCC_WARN_UNUSED_VARIABLE = YES;
				IPHONEOS_DEPLOYMENT_TARGET = 15.0;
				MTL_ENABLE_DEBUG_INFO = NO;
				MTL_FAST_MATH = YES;
				SDKROOT = iphoneos;
				SWIFT_COMPILATION_MODE = wholemodule;
				SWIFT_OPTIMIZATION_LEVEL = "-O";
				VALIDATE_PRODUCT = YES;
			};
			name = Release;
		};
		B36980FB28EBEA1A0063AAE6 /* Debug */ = {
			isa = XCBuildConfiguration;
			baseConfigurationReference = 9504CECEE4528D6B77CCF28A /* Pods-Instagram.debug.xcconfig */;
			buildSettings = {
				ASSETCATALOG_COMPILER_APPICON_NAME = AppIcon;
				ASSETCATALOG_COMPILER_GLOBAL_ACCENT_COLOR_NAME = AccentColor;
				CODE_SIGN_STYLE = Automatic;
				CURRENT_PROJECT_VERSION = 1;
				DEVELOPMENT_TEAM = F894A93YA8;
				GENERATE_INFOPLIST_FILE = YES;
				INFOPLIST_FILE = Instagram/Info.plist;
				INFOPLIST_KEY_NSCameraUsageDescription = "本アプリは、画像の投稿及び編集のため、カメラの使用許可を求めます。";
				INFOPLIST_KEY_UIApplicationSupportsIndirectInputEvents = YES;
				INFOPLIST_KEY_UILaunchStoryboardName = LaunchScreen;
				INFOPLIST_KEY_UIMainStoryboardFile = Main;
				INFOPLIST_KEY_UISupportedInterfaceOrientations_iPad = "UIInterfaceOrientationPortrait UIInterfaceOrientationPortraitUpsideDown UIInterfaceOrientationLandscapeLeft UIInterfaceOrientationLandscapeRight";
				INFOPLIST_KEY_UISupportedInterfaceOrientations_iPhone = UIInterfaceOrientationPortrait;
				LD_RUNPATH_SEARCH_PATHS = (
					"$(inherited)",
					"@executable_path/Frameworks",
				);
				MARKETING_VERSION = 1.0;
				PRODUCT_BUNDLE_IDENTIFIER = jp.techacademy.shimpei.nonaka.Instagram;
				PRODUCT_NAME = "$(TARGET_NAME)";
				SWIFT_EMIT_LOC_STRINGS = YES;
				SWIFT_VERSION = 5.0;
				TARGETED_DEVICE_FAMILY = 1;
			};
			name = Debug;
		};
		B36980FC28EBEA1A0063AAE6 /* Release */ = {
			isa = XCBuildConfiguration;
			baseConfigurationReference = 77741BCBA024713C1ED81442 /* Pods-Instagram.release.xcconfig */;
			buildSettings = {
				ASSETCATALOG_COMPILER_APPICON_NAME = AppIcon;
				ASSETCATALOG_COMPILER_GLOBAL_ACCENT_COLOR_NAME = AccentColor;
				CODE_SIGN_STYLE = Automatic;
				CURRENT_PROJECT_VERSION = 1;
				DEVELOPMENT_TEAM = F894A93YA8;
				GENERATE_INFOPLIST_FILE = YES;
				INFOPLIST_FILE = Instagram/Info.plist;
				INFOPLIST_KEY_NSCameraUsageDescription = "本アプリは、画像の投稿及び編集のため、カメラの使用許可を求めます。";
				INFOPLIST_KEY_UIApplicationSupportsIndirectInputEvents = YES;
				INFOPLIST_KEY_UILaunchStoryboardName = LaunchScreen;
				INFOPLIST_KEY_UIMainStoryboardFile = Main;
				INFOPLIST_KEY_UISupportedInterfaceOrientations_iPad = "UIInterfaceOrientationPortrait UIInterfaceOrientationPortraitUpsideDown UIInterfaceOrientationLandscapeLeft UIInterfaceOrientationLandscapeRight";
				INFOPLIST_KEY_UISupportedInterfaceOrientations_iPhone = UIInterfaceOrientationPortrait;
				LD_RUNPATH_SEARCH_PATHS = (
					"$(inherited)",
					"@executable_path/Frameworks",
				);
				MARKETING_VERSION = 1.0;
				PRODUCT_BUNDLE_IDENTIFIER = jp.techacademy.shimpei.nonaka.Instagram;
				PRODUCT_NAME = "$(TARGET_NAME)";
				SWIFT_EMIT_LOC_STRINGS = YES;
				SWIFT_VERSION = 5.0;
				TARGETED_DEVICE_FAMILY = 1;
			};
			name = Release;
		};
/* End XCBuildConfiguration section */

/* Begin XCConfigurationList section */
		B36980E128EBEA1A0063AAE6 /* Build configuration list for PBXProject "Instagram" */ = {
			isa = XCConfigurationList;
			buildConfigurations = (
				B36980F828EBEA1A0063AAE6 /* Debug */,
				B36980F928EBEA1A0063AAE6 /* Release */,
			);
			defaultConfigurationIsVisible = 0;
			defaultConfigurationName = Release;
		};
		B36980FA28EBEA1A0063AAE6 /* Build configuration list for PBXNativeTarget "Instagram" */ = {
			isa = XCConfigurationList;
			buildConfigurations = (
				B36980FB28EBEA1A0063AAE6 /* Debug */,
				B36980FC28EBEA1A0063AAE6 /* Release */,
			);
			defaultConfigurationIsVisible = 0;
			defaultConfigurationName = Release;
		};
/* End XCConfigurationList section */
	};
	rootObject = B36980DE28EBEA1A0063AAE6 /* Project object */;
}
